
Microsoft Visual Studio Solution File, Format Version 12.00
# Visual Studio Version 17
VisualStudioVersion = 17.1.32414.318
MinimumVisualStudioVersion = 10.0.40219.1
Project("{FAE04EC0-301F-11D3-BF4B-00C04F79EFBC}") = "ExcelLib", "ExcelLib\ExcelLib.csproj", "{77A6355C-852F-42EA-B068-9E902A0B3B0F}"
EndProject
Global
	GlobalSection(SolutionConfigurationPlatforms) = preSolution
		Debug|Any CPU = Debug|Any CPU
		Release|Any CPU = Release|Any CPU
	EndGlobalSection
	GlobalSection(ProjectConfigurationPlatforms) = postSolution
		{77A6355C-852F-42EA-B068-9E902A0B3B0F}.Debug|Any CPU.ActiveCfg = Debug|Any CPU
		{77A6355C-852F-42EA-B068-9E902A0B3B0F}.Debug|Any CPU.Build.0 = Debug|Any CPU
		{77A6355C-852F-42EA-B068-9E902A0B3B0F}.Release|Any CPU.ActiveCfg = Release|Any CPU
		{77A6355C-852F-42EA-B068-9E902A0B3B0F}.Release|Any CPU.Build.0 = Release|Any CPU
	EndGlobalSection
	GlobalSection(SolutionProperties) = preSolution
		HideSolutionNode = FALSE
	EndGlobalSection
	GlobalSection(ExtensibilityGlobals) = postSolution
		SolutionGuid = {F2A2DEA8-0C5C-4400-BCC6-D5841B1F9538}
	EndGlobalSection
EndGlobal
